// !$*UTF8*$!
{
	archiveVersion = 1;
	classes = {
	};
	objectVersion = 56;
	objects = {

/* Begin PBXBuildFile section */
		0B0521EA2A86A6BD005844C1 /* Color+Ext.swift in Sources */ = {isa = PBXBuildFile; fileRef = 0B0521E92A86A6BD005844C1 /* Color+Ext.swift */; };
		0B0521EF2A86AFCB005844C1 /* UIView+Ext.swift in Sources */ = {isa = PBXBuildFile; fileRef = 0B0521EE2A86AFCB005844C1 /* UIView+Ext.swift */; };
		0B93BFD32A869CF000B66D9F /* BaseNavigationController.swift in Sources */ = {isa = PBXBuildFile; fileRef = 0B93BFBD2A869CF000B66D9F /* BaseNavigationController.swift */; };
		0B93BFD42A869CF000B66D9F /* Reach.swift in Sources */ = {isa = PBXBuildFile; fileRef = 0B93BFBE2A869CF000B66D9F /* Reach.swift */; };
		0B93BFD52A869CF000B66D9F /* HomePageServiceProtocol.swift in Sources */ = {isa = PBXBuildFile; fileRef = 0B93BFC22A869CF000B66D9F /* HomePageServiceProtocol.swift */; };
		0B93BFD62A869CF000B66D9F /* HomePageModel.swift in Sources */ = {isa = PBXBuildFile; fileRef = 0B93BFC42A869CF000B66D9F /* HomePageModel.swift */; };
		0B93BFD72A869CF000B66D9F /* HomePageView.swift in Sources */ = {isa = PBXBuildFile; fileRef = 0B93BFC62A869CF000B66D9F /* HomePageView.swift */; };
		0B93BFD82A869CF000B66D9F /* HomePageView.xib in Resources */ = {isa = PBXBuildFile; fileRef = 0B93BFC72A869CF000B66D9F /* HomePageView.xib */; };
		0B93BFD92A869CF000B66D9F /* HomePageService.swift in Sources */ = {isa = PBXBuildFile; fileRef = 0B93BFC92A869CF000B66D9F /* HomePageService.swift */; };
		0B93BFDA2A869CF000B66D9F /* HomePageViewModel.swift in Sources */ = {isa = PBXBuildFile; fileRef = 0B93BFCB2A869CF000B66D9F /* HomePageViewModel.swift */; };
		0B93BFDB2A869CF000B66D9F /* HeaderView.xib in Resources */ = {isa = PBXBuildFile; fileRef = 0B93BFCF2A869CF000B66D9F /* HeaderView.xib */; };
		0B93BFDD2A869CF000B66D9F /* HeaderView.swift in Sources */ = {isa = PBXBuildFile; fileRef = 0B93BFD12A869CF000B66D9F /* HeaderView.swift */; };
		0BA0AD082A876A2300D9822D /* CategoryView.swift in Sources */ = {isa = PBXBuildFile; fileRef = 0BA0AD062A876A2300D9822D /* CategoryView.swift */; };
		0BA0AD092A876A2300D9822D /* CategoryView.xib in Resources */ = {isa = PBXBuildFile; fileRef = 0BA0AD072A876A2300D9822D /* CategoryView.xib */; };
		0BA0AD1E2A876B9800D9822D /* Mulish-MediumItalic.ttf in Resources */ = {isa = PBXBuildFile; fileRef = 0BA0AD0E2A876B9700D9822D /* Mulish-MediumItalic.ttf */; };
		0BA0AD1F2A876B9800D9822D /* Mulish-BoldItalic.ttf in Resources */ = {isa = PBXBuildFile; fileRef = 0BA0AD0F2A876B9700D9822D /* Mulish-BoldItalic.ttf */; };
		0BA0AD202A876B9800D9822D /* Mulish-Italic.ttf in Resources */ = {isa = PBXBuildFile; fileRef = 0BA0AD102A876B9700D9822D /* Mulish-Italic.ttf */; };
		0BA0AD212A876B9800D9822D /* Mulish-ExtraLight.ttf in Resources */ = {isa = PBXBuildFile; fileRef = 0BA0AD112A876B9700D9822D /* Mulish-ExtraLight.ttf */; };
		0BA0AD222A876B9800D9822D /* Mulish-SemiBold.ttf in Resources */ = {isa = PBXBuildFile; fileRef = 0BA0AD122A876B9700D9822D /* Mulish-SemiBold.ttf */; };
		0BA0AD232A876B9800D9822D /* Mulish-LightItalic.ttf in Resources */ = {isa = PBXBuildFile; fileRef = 0BA0AD132A876B9700D9822D /* Mulish-LightItalic.ttf */; };
		0BA0AD242A876B9800D9822D /* Mulish-Medium.ttf in Resources */ = {isa = PBXBuildFile; fileRef = 0BA0AD142A876B9700D9822D /* Mulish-Medium.ttf */; };
		0BA0AD252A876B9800D9822D /* Mulish-ExtraBold.ttf in Resources */ = {isa = PBXBuildFile; fileRef = 0BA0AD152A876B9700D9822D /* Mulish-ExtraBold.ttf */; };
		0BA0AD262A876B9800D9822D /* Mulish-ExtraBoldItalic.ttf in Resources */ = {isa = PBXBuildFile; fileRef = 0BA0AD162A876B9700D9822D /* Mulish-ExtraBoldItalic.ttf */; };
		0BA0AD272A876B9800D9822D /* Mulish-Light.ttf in Resources */ = {isa = PBXBuildFile; fileRef = 0BA0AD172A876B9800D9822D /* Mulish-Light.ttf */; };
		0BA0AD282A876B9800D9822D /* Mulish-BlackItalic.ttf in Resources */ = {isa = PBXBuildFile; fileRef = 0BA0AD182A876B9800D9822D /* Mulish-BlackItalic.ttf */; };
		0BA0AD292A876B9800D9822D /* Mulish-Regular.ttf in Resources */ = {isa = PBXBuildFile; fileRef = 0BA0AD192A876B9800D9822D /* Mulish-Regular.ttf */; };
		0BA0AD2A2A876B9800D9822D /* Mulish-Black.ttf in Resources */ = {isa = PBXBuildFile; fileRef = 0BA0AD1A2A876B9800D9822D /* Mulish-Black.ttf */; };
		0BA0AD2B2A876B9800D9822D /* Mulish-Bold.ttf in Resources */ = {isa = PBXBuildFile; fileRef = 0BA0AD1B2A876B9800D9822D /* Mulish-Bold.ttf */; };
		0BA0AD2C2A876B9800D9822D /* Mulish-ExtraLightItalic.ttf in Resources */ = {isa = PBXBuildFile; fileRef = 0BA0AD1C2A876B9800D9822D /* Mulish-ExtraLightItalic.ttf */; };
		0BA0AD2D2A876B9800D9822D /* Mulish-SemiBoldItalic.ttf in Resources */ = {isa = PBXBuildFile; fileRef = 0BA0AD1D2A876B9800D9822D /* Mulish-SemiBoldItalic.ttf */; };
		0BAB27E42A8699BD00D394F5 /* AppDelegate.swift in Sources */ = {isa = PBXBuildFile; fileRef = 0BAB27E32A8699BD00D394F5 /* AppDelegate.swift */; };
		0BAB27E62A8699BD00D394F5 /* SceneDelegate.swift in Sources */ = {isa = PBXBuildFile; fileRef = 0BAB27E52A8699BD00D394F5 /* SceneDelegate.swift */; };
		0BAB27E82A8699BD00D394F5 /* ViewController.swift in Sources */ = {isa = PBXBuildFile; fileRef = 0BAB27E72A8699BD00D394F5 /* ViewController.swift */; };
		0BAB27EB2A8699BD00D394F5 /* Main.storyboard in Resources */ = {isa = PBXBuildFile; fileRef = 0BAB27E92A8699BD00D394F5 /* Main.storyboard */; };
		0BAB27EE2A8699BD00D394F5 /* CubMu.xcdatamodeld in Sources */ = {isa = PBXBuildFile; fileRef = 0BAB27EC2A8699BD00D394F5 /* CubMu.xcdatamodeld */; };
		0BAB27F02A8699BE00D394F5 /* Assets.xcassets in Resources */ = {isa = PBXBuildFile; fileRef = 0BAB27EF2A8699BE00D394F5 /* Assets.xcassets */; };
		0BAB27F32A8699BE00D394F5 /* LaunchScreen.storyboard in Resources */ = {isa = PBXBuildFile; fileRef = 0BAB27F12A8699BE00D394F5 /* LaunchScreen.storyboard */; };
		0BAB27FE2A8699BE00D394F5 /* CubMuTests.swift in Sources */ = {isa = PBXBuildFile; fileRef = 0BAB27FD2A8699BE00D394F5 /* CubMuTests.swift */; };
		0BAB28082A8699BE00D394F5 /* CubMuUITests.swift in Sources */ = {isa = PBXBuildFile; fileRef = 0BAB28072A8699BE00D394F5 /* CubMuUITests.swift */; };
		0BAB280A2A8699BE00D394F5 /* CubMuUITestsLaunchTests.swift in Sources */ = {isa = PBXBuildFile; fileRef = 0BAB28092A8699BE00D394F5 /* CubMuUITestsLaunchTests.swift */; };
		31F590B71BAC4796D55A1E82 /* Pods_CubMu.framework in Frameworks */ = {isa = PBXBuildFile; fileRef = E1455BD62D92A88EB814A362 /* Pods_CubMu.framework */; };
		AC452DC11C7FD9D549A2845B /* Pods_CubMu_CubMuUITests.framework in Frameworks */ = {isa = PBXBuildFile; fileRef = 3E2F57EAD24DE435FF9315CD /* Pods_CubMu_CubMuUITests.framework */; };
		FC0891D322B8C033A168F252 /* Pods_CubMuTests.framework in Frameworks */ = {isa = PBXBuildFile; fileRef = 47AAC0DDDF615F63431819FF /* Pods_CubMuTests.framework */; };
/* End PBXBuildFile section */

/* Begin PBXContainerItemProxy section */
		0BAB27FA2A8699BE00D394F5 /* PBXContainerItemProxy */ = {
			isa = PBXContainerItemProxy;
			containerPortal = 0BAB27D82A8699BD00D394F5 /* Project object */;
			proxyType = 1;
			remoteGlobalIDString = 0BAB27DF2A8699BD00D394F5;
			remoteInfo = CubMu;
		};
		0BAB28042A8699BE00D394F5 /* PBXContainerItemProxy */ = {
			isa = PBXContainerItemProxy;
			containerPortal = 0BAB27D82A8699BD00D394F5 /* Project object */;
			proxyType = 1;
			remoteGlobalIDString = 0BAB27DF2A8699BD00D394F5;
			remoteInfo = CubMu;
		};
/* End PBXContainerItemProxy section */

/* Begin PBXFileReference section */
		0B0521E92A86A6BD005844C1 /* Color+Ext.swift */ = {isa = PBXFileReference; lastKnownFileType = sourcecode.swift; path = "Color+Ext.swift"; sourceTree = "<group>"; };
		0B0521EE2A86AFCB005844C1 /* UIView+Ext.swift */ = {isa = PBXFileReference; lastKnownFileType = sourcecode.swift; path = "UIView+Ext.swift"; sourceTree = "<group>"; };
		0B93BFBD2A869CF000B66D9F /* BaseNavigationController.swift */ = {isa = PBXFileReference; fileEncoding = 4; lastKnownFileType = sourcecode.swift; path = BaseNavigationController.swift; sourceTree = "<group>"; };
		0B93BFBE2A869CF000B66D9F /* Reach.swift */ = {isa = PBXFileReference; fileEncoding = 4; lastKnownFileType = sourcecode.swift; path = Reach.swift; sourceTree = "<group>"; };
		0B93BFC22A869CF000B66D9F /* HomePageServiceProtocol.swift */ = {isa = PBXFileReference; fileEncoding = 4; lastKnownFileType = sourcecode.swift; path = HomePageServiceProtocol.swift; sourceTree = "<group>"; };
		0B93BFC42A869CF000B66D9F /* HomePageModel.swift */ = {isa = PBXFileReference; fileEncoding = 4; lastKnownFileType = sourcecode.swift; path = HomePageModel.swift; sourceTree = "<group>"; };
		0B93BFC62A869CF000B66D9F /* HomePageView.swift */ = {isa = PBXFileReference; fileEncoding = 4; lastKnownFileType = sourcecode.swift; path = HomePageView.swift; sourceTree = "<group>"; };
		0B93BFC72A869CF000B66D9F /* HomePageView.xib */ = {isa = PBXFileReference; fileEncoding = 4; lastKnownFileType = file.xib; path = HomePageView.xib; sourceTree = "<group>"; };
		0B93BFC92A869CF000B66D9F /* HomePageService.swift */ = {isa = PBXFileReference; fileEncoding = 4; lastKnownFileType = sourcecode.swift; path = HomePageService.swift; sourceTree = "<group>"; };
		0B93BFCB2A869CF000B66D9F /* HomePageViewModel.swift */ = {isa = PBXFileReference; fileEncoding = 4; lastKnownFileType = sourcecode.swift; path = HomePageViewModel.swift; sourceTree = "<group>"; };
		0B93BFCF2A869CF000B66D9F /* HeaderView.xib */ = {isa = PBXFileReference; fileEncoding = 4; lastKnownFileType = file.xib; path = HeaderView.xib; sourceTree = "<group>"; };
		0B93BFD12A869CF000B66D9F /* HeaderView.swift */ = {isa = PBXFileReference; fileEncoding = 4; lastKnownFileType = sourcecode.swift; path = HeaderView.swift; sourceTree = "<group>"; };
		0BA0AD062A876A2300D9822D /* CategoryView.swift */ = {isa = PBXFileReference; lastKnownFileType = sourcecode.swift; path = CategoryView.swift; sourceTree = "<group>"; };
		0BA0AD072A876A2300D9822D /* CategoryView.xib */ = {isa = PBXFileReference; lastKnownFileType = file.xib; path = CategoryView.xib; sourceTree = "<group>"; };
		0BA0AD0E2A876B9700D9822D /* Mulish-MediumItalic.ttf */ = {isa = PBXFileReference; lastKnownFileType = file; name = "Mulish-MediumItalic.ttf"; path = "../../../../../../../Downloads/Mulish/static/Mulish-MediumItalic.ttf"; sourceTree = "<group>"; };
		0BA0AD0F2A876B9700D9822D /* Mulish-BoldItalic.ttf */ = {isa = PBXFileReference; lastKnownFileType = file; name = "Mulish-BoldItalic.ttf"; path = "../../../../../../../Downloads/Mulish/static/Mulish-BoldItalic.ttf"; sourceTree = "<group>"; };
		0BA0AD102A876B9700D9822D /* Mulish-Italic.ttf */ = {isa = PBXFileReference; lastKnownFileType = file; name = "Mulish-Italic.ttf"; path = "../../../../../../../Downloads/Mulish/static/Mulish-Italic.ttf"; sourceTree = "<group>"; };
		0BA0AD112A876B9700D9822D /* Mulish-ExtraLight.ttf */ = {isa = PBXFileReference; lastKnownFileType = file; name = "Mulish-ExtraLight.ttf"; path = "../../../../../../../Downloads/Mulish/static/Mulish-ExtraLight.ttf"; sourceTree = "<group>"; };
		0BA0AD122A876B9700D9822D /* Mulish-SemiBold.ttf */ = {isa = PBXFileReference; lastKnownFileType = file; name = "Mulish-SemiBold.ttf"; path = "../../../../../../../Downloads/Mulish/static/Mulish-SemiBold.ttf"; sourceTree = "<group>"; };
		0BA0AD132A876B9700D9822D /* Mulish-LightItalic.ttf */ = {isa = PBXFileReference; lastKnownFileType = file; name = "Mulish-LightItalic.ttf"; path = "../../../../../../../Downloads/Mulish/static/Mulish-LightItalic.ttf"; sourceTree = "<group>"; };
		0BA0AD142A876B9700D9822D /* Mulish-Medium.ttf */ = {isa = PBXFileReference; lastKnownFileType = file; name = "Mulish-Medium.ttf"; path = "../../../../../../../Downloads/Mulish/static/Mulish-Medium.ttf"; sourceTree = "<group>"; };
		0BA0AD152A876B9700D9822D /* Mulish-ExtraBold.ttf */ = {isa = PBXFileReference; lastKnownFileType = file; name = "Mulish-ExtraBold.ttf"; path = "../../../../../../../Downloads/Mulish/static/Mulish-ExtraBold.ttf"; sourceTree = "<group>"; };
		0BA0AD162A876B9700D9822D /* Mulish-ExtraBoldItalic.ttf */ = {isa = PBXFileReference; lastKnownFileType = file; name = "Mulish-ExtraBoldItalic.ttf"; path = "../../../../../../../Downloads/Mulish/static/Mulish-ExtraBoldItalic.ttf"; sourceTree = "<group>"; };
		0BA0AD172A876B9800D9822D /* Mulish-Light.ttf */ = {isa = PBXFileReference; lastKnownFileType = file; name = "Mulish-Light.ttf"; path = "../../../../../../../Downloads/Mulish/static/Mulish-Light.ttf"; sourceTree = "<group>"; };
		0BA0AD182A876B9800D9822D /* Mulish-BlackItalic.ttf */ = {isa = PBXFileReference; lastKnownFileType = file; name = "Mulish-BlackItalic.ttf"; path = "../../../../../../../Downloads/Mulish/static/Mulish-BlackItalic.ttf"; sourceTree = "<group>"; };
		0BA0AD192A876B9800D9822D /* Mulish-Regular.ttf */ = {isa = PBXFileReference; lastKnownFileType = file; name = "Mulish-Regular.ttf"; path = "../../../../../../../Downloads/Mulish/static/Mulish-Regular.ttf"; sourceTree = "<group>"; };
		0BA0AD1A2A876B9800D9822D /* Mulish-Black.ttf */ = {isa = PBXFileReference; lastKnownFileType = file; name = "Mulish-Black.ttf"; path = "../../../../../../../Downloads/Mulish/static/Mulish-Black.ttf"; sourceTree = "<group>"; };
		0BA0AD1B2A876B9800D9822D /* Mulish-Bold.ttf */ = {isa = PBXFileReference; lastKnownFileType = file; name = "Mulish-Bold.ttf"; path = "../../../../../../../Downloads/Mulish/static/Mulish-Bold.ttf"; sourceTree = "<group>"; };
		0BA0AD1C2A876B9800D9822D /* Mulish-ExtraLightItalic.ttf */ = {isa = PBXFileReference; lastKnownFileType = file; name = "Mulish-ExtraLightItalic.ttf"; path = "../../../../../../../Downloads/Mulish/static/Mulish-ExtraLightItalic.ttf"; sourceTree = "<group>"; };
		0BA0AD1D2A876B9800D9822D /* Mulish-SemiBoldItalic.ttf */ = {isa = PBXFileReference; lastKnownFileType = file; name = "Mulish-SemiBoldItalic.ttf"; path = "../../../../../../../Downloads/Mulish/static/Mulish-SemiBoldItalic.ttf"; sourceTree = "<group>"; };
		0BAB27E02A8699BD00D394F5 /* CubMu.app */ = {isa = PBXFileReference; explicitFileType = wrapper.application; includeInIndex = 0; path = CubMu.app; sourceTree = BUILT_PRODUCTS_DIR; };
		0BAB27E32A8699BD00D394F5 /* AppDelegate.swift */ = {isa = PBXFileReference; lastKnownFileType = sourcecode.swift; path = AppDelegate.swift; sourceTree = "<group>"; };
		0BAB27E52A8699BD00D394F5 /* SceneDelegate.swift */ = {isa = PBXFileReference; lastKnownFileType = sourcecode.swift; path = SceneDelegate.swift; sourceTree = "<group>"; };
		0BAB27E72A8699BD00D394F5 /* ViewController.swift */ = {isa = PBXFileReference; lastKnownFileType = sourcecode.swift; path = ViewController.swift; sourceTree = "<group>"; };
		0BAB27EA2A8699BD00D394F5 /* Base */ = {isa = PBXFileReference; lastKnownFileType = file.storyboard; name = Base; path = Base.lproj/Main.storyboard; sourceTree = "<group>"; };
		0BAB27ED2A8699BD00D394F5 /* CubMu.xcdatamodel */ = {isa = PBXFileReference; lastKnownFileType = wrapper.xcdatamodel; path = CubMu.xcdatamodel; sourceTree = "<group>"; };
		0BAB27EF2A8699BE00D394F5 /* Assets.xcassets */ = {isa = PBXFileReference; lastKnownFileType = folder.assetcatalog; path = Assets.xcassets; sourceTree = "<group>"; };
		0BAB27F22A8699BE00D394F5 /* Base */ = {isa = PBXFileReference; lastKnownFileType = file.storyboard; name = Base; path = Base.lproj/LaunchScreen.storyboard; sourceTree = "<group>"; };
		0BAB27F42A8699BE00D394F5 /* Info.plist */ = {isa = PBXFileReference; lastKnownFileType = text.plist.xml; path = Info.plist; sourceTree = "<group>"; };
		0BAB27F92A8699BE00D394F5 /* CubMuTests.xctest */ = {isa = PBXFileReference; explicitFileType = wrapper.cfbundle; includeInIndex = 0; path = CubMuTests.xctest; sourceTree = BUILT_PRODUCTS_DIR; };
		0BAB27FD2A8699BE00D394F5 /* CubMuTests.swift */ = {isa = PBXFileReference; lastKnownFileType = sourcecode.swift; path = CubMuTests.swift; sourceTree = "<group>"; };
		0BAB28032A8699BE00D394F5 /* CubMuUITests.xctest */ = {isa = PBXFileReference; explicitFileType = wrapper.cfbundle; includeInIndex = 0; path = CubMuUITests.xctest; sourceTree = BUILT_PRODUCTS_DIR; };
		0BAB28072A8699BE00D394F5 /* CubMuUITests.swift */ = {isa = PBXFileReference; lastKnownFileType = sourcecode.swift; path = CubMuUITests.swift; sourceTree = "<group>"; };
		0BAB28092A8699BE00D394F5 /* CubMuUITestsLaunchTests.swift */ = {isa = PBXFileReference; lastKnownFileType = sourcecode.swift; path = CubMuUITestsLaunchTests.swift; sourceTree = "<group>"; };
		19707F90BEB210C46FD0C9D5 /* Pods-CubMuTests.debug.xcconfig */ = {isa = PBXFileReference; includeInIndex = 1; lastKnownFileType = text.xcconfig; name = "Pods-CubMuTests.debug.xcconfig"; path = "Target Support Files/Pods-CubMuTests/Pods-CubMuTests.debug.xcconfig"; sourceTree = "<group>"; };
		2A26762B978B3EFB56140A54 /* Pods-CubMu-CubMuUITests.debug.xcconfig */ = {isa = PBXFileReference; includeInIndex = 1; lastKnownFileType = text.xcconfig; name = "Pods-CubMu-CubMuUITests.debug.xcconfig"; path = "Target Support Files/Pods-CubMu-CubMuUITests/Pods-CubMu-CubMuUITests.debug.xcconfig"; sourceTree = "<group>"; };
		3E2F57EAD24DE435FF9315CD /* Pods_CubMu_CubMuUITests.framework */ = {isa = PBXFileReference; explicitFileType = wrapper.framework; includeInIndex = 0; path = Pods_CubMu_CubMuUITests.framework; sourceTree = BUILT_PRODUCTS_DIR; };
		47AAC0DDDF615F63431819FF /* Pods_CubMuTests.framework */ = {isa = PBXFileReference; explicitFileType = wrapper.framework; includeInIndex = 0; path = Pods_CubMuTests.framework; sourceTree = BUILT_PRODUCTS_DIR; };
		B7F62BCBD6E00C6CC425576D /* Pods-CubMu.debug.xcconfig */ = {isa = PBXFileReference; includeInIndex = 1; lastKnownFileType = text.xcconfig; name = "Pods-CubMu.debug.xcconfig"; path = "Target Support Files/Pods-CubMu/Pods-CubMu.debug.xcconfig"; sourceTree = "<group>"; };
		C1B06FC9899C2F97994E2D17 /* Pods-CubMuTests.release.xcconfig */ = {isa = PBXFileReference; includeInIndex = 1; lastKnownFileType = text.xcconfig; name = "Pods-CubMuTests.release.xcconfig"; path = "Target Support Files/Pods-CubMuTests/Pods-CubMuTests.release.xcconfig"; sourceTree = "<group>"; };
		DB1FA2933BF59297A2AADB6F /* Pods-CubMu.release.xcconfig */ = {isa = PBXFileReference; includeInIndex = 1; lastKnownFileType = text.xcconfig; name = "Pods-CubMu.release.xcconfig"; path = "Target Support Files/Pods-CubMu/Pods-CubMu.release.xcconfig"; sourceTree = "<group>"; };
		E1455BD62D92A88EB814A362 /* Pods_CubMu.framework */ = {isa = PBXFileReference; explicitFileType = wrapper.framework; includeInIndex = 0; path = Pods_CubMu.framework; sourceTree = BUILT_PRODUCTS_DIR; };
		FD439E8F2BE0355E5BD507BA /* Pods-CubMu-CubMuUITests.release.xcconfig */ = {isa = PBXFileReference; includeInIndex = 1; lastKnownFileType = text.xcconfig; name = "Pods-CubMu-CubMuUITests.release.xcconfig"; path = "Target Support Files/Pods-CubMu-CubMuUITests/Pods-CubMu-CubMuUITests.release.xcconfig"; sourceTree = "<group>"; };
/* End PBXFileReference section */

/* Begin PBXFrameworksBuildPhase section */
		0BAB27DD2A8699BD00D394F5 /* Frameworks */ = {
			isa = PBXFrameworksBuildPhase;
			buildActionMask = 2147483647;
			files = (
				31F590B71BAC4796D55A1E82 /* Pods_CubMu.framework in Frameworks */,
			);
			runOnlyForDeploymentPostprocessing = 0;
		};
		0BAB27F62A8699BE00D394F5 /* Frameworks */ = {
			isa = PBXFrameworksBuildPhase;
			buildActionMask = 2147483647;
			files = (
				FC0891D322B8C033A168F252 /* Pods_CubMuTests.framework in Frameworks */,
			);
			runOnlyForDeploymentPostprocessing = 0;
		};
		0BAB28002A8699BE00D394F5 /* Frameworks */ = {
			isa = PBXFrameworksBuildPhase;
			buildActionMask = 2147483647;
			files = (
				AC452DC11C7FD9D549A2845B /* Pods_CubMu_CubMuUITests.framework in Frameworks */,
			);
			runOnlyForDeploymentPostprocessing = 0;
		};
/* End PBXFrameworksBuildPhase section */

/* Begin PBXGroup section */
		0B93BFBB2A869CF000B66D9F /* Helpers */ = {
			isa = PBXGroup;
			children = (
				0B93BFBC2A869CF000B66D9F /* Extension */,
			);
			path = Helpers;
			sourceTree = "<group>";
		};
		0B93BFBC2A869CF000B66D9F /* Extension */ = {
			isa = PBXGroup;
			children = (
				0B93BFBD2A869CF000B66D9F /* BaseNavigationController.swift */,
				0B93BFBE2A869CF000B66D9F /* Reach.swift */,
				0B0521E92A86A6BD005844C1 /* Color+Ext.swift */,
				0B0521EE2A86AFCB005844C1 /* UIView+Ext.swift */,
			);
			path = Extension;
			sourceTree = "<group>";
		};
		0B93BFBF2A869CF000B66D9F /* Modules */ = {
			isa = PBXGroup;
			children = (
				0B93BFC02A869CF000B66D9F /* HomePage */,
			);
			path = Modules;
			sourceTree = "<group>";
		};
		0B93BFC02A869CF000B66D9F /* HomePage */ = {
			isa = PBXGroup;
			children = (
				0B93BFC12A869CF000B66D9F /* Protocol */,
				0B93BFC32A869CF000B66D9F /* Model */,
				0B93BFC52A869CF000B66D9F /* View */,
				0B93BFC82A869CF000B66D9F /* Service */,
				0B93BFCA2A869CF000B66D9F /* View Model */,
			);
			path = HomePage;
			sourceTree = "<group>";
		};
		0B93BFC12A869CF000B66D9F /* Protocol */ = {
			isa = PBXGroup;
			children = (
				0B93BFC22A869CF000B66D9F /* HomePageServiceProtocol.swift */,
			);
			path = Protocol;
			sourceTree = "<group>";
		};
		0B93BFC32A869CF000B66D9F /* Model */ = {
			isa = PBXGroup;
			children = (
				0B93BFC42A869CF000B66D9F /* HomePageModel.swift */,
			);
			path = Model;
			sourceTree = "<group>";
		};
		0B93BFC52A869CF000B66D9F /* View */ = {
			isa = PBXGroup;
			children = (
				0B93BFC62A869CF000B66D9F /* HomePageView.swift */,
				0B93BFC72A869CF000B66D9F /* HomePageView.xib */,
			);
			path = View;
			sourceTree = "<group>";
		};
		0B93BFC82A869CF000B66D9F /* Service */ = {
			isa = PBXGroup;
			children = (
				0B93BFC92A869CF000B66D9F /* HomePageService.swift */,
			);
			path = Service;
			sourceTree = "<group>";
		};
		0B93BFCA2A869CF000B66D9F /* View Model */ = {
			isa = PBXGroup;
			children = (
				0B93BFCB2A869CF000B66D9F /* HomePageViewModel.swift */,
			);
			path = "View Model";
			sourceTree = "<group>";
		};
		0B93BFCC2A869CF000B66D9F /* Component */ = {
			isa = PBXGroup;
			children = (
				0BA0AD052A876A0100D9822D /* CollectionViewCell */,
				0B93BFCD2A869CF000B66D9F /* View */,
			);
			path = Component;
			sourceTree = "<group>";
		};
		0B93BFCD2A869CF000B66D9F /* View */ = {
			isa = PBXGroup;
			children = (
				0B93BFCE2A869CF000B66D9F /* HeaderView */,
				0BA0AD042A8766B400D9822D /* CategroyView */,
			);
			path = View;
			sourceTree = "<group>";
		};
		0B93BFCE2A869CF000B66D9F /* HeaderView */ = {
			isa = PBXGroup;
			children = (
				0B93BFCF2A869CF000B66D9F /* HeaderView.xib */,
				0B93BFD12A869CF000B66D9F /* HeaderView.swift */,
			);
			path = HeaderView;
			sourceTree = "<group>";
		};
		0BA0AD042A8766B400D9822D /* CategroyView */ = {
			isa = PBXGroup;
			children = (
			);
			path = CategroyView;
			sourceTree = "<group>";
		};
		0BA0AD052A876A0100D9822D /* CollectionViewCell */ = {
			isa = PBXGroup;
			children = (
				0BA0AD0A2A876A2D00D9822D /* CategoryView */,
			);
			path = CollectionViewCell;
			sourceTree = "<group>";
		};
		0BA0AD0A2A876A2D00D9822D /* CategoryView */ = {
			isa = PBXGroup;
			children = (
				0BA0AD062A876A2300D9822D /* CategoryView.swift */,
				0BA0AD072A876A2300D9822D /* CategoryView.xib */,
			);
			path = CategoryView;
			sourceTree = "<group>";
		};
		0BA0AD0B2A876B7800D9822D /* Resource */ = {
			isa = PBXGroup;
			children = (
				0BA0AD0C2A876B8000D9822D /* Fonts */,
			);
			path = Resource;
			sourceTree = "<group>";
		};
		0BA0AD0C2A876B8000D9822D /* Fonts */ = {
			isa = PBXGroup;
			children = (
				0BA0AD0D2A876B8700D9822D /* Mulish */,
			);
			path = Fonts;
			sourceTree = "<group>";
		};
		0BA0AD0D2A876B8700D9822D /* Mulish */ = {
			isa = PBXGroup;
			children = (
				0BA0AD1A2A876B9800D9822D /* Mulish-Black.ttf */,
				0BA0AD182A876B9800D9822D /* Mulish-BlackItalic.ttf */,
				0BA0AD1B2A876B9800D9822D /* Mulish-Bold.ttf */,
				0BA0AD0F2A876B9700D9822D /* Mulish-BoldItalic.ttf */,
				0BA0AD152A876B9700D9822D /* Mulish-ExtraBold.ttf */,
				0BA0AD162A876B9700D9822D /* Mulish-ExtraBoldItalic.ttf */,
				0BA0AD112A876B9700D9822D /* Mulish-ExtraLight.ttf */,
				0BA0AD1C2A876B9800D9822D /* Mulish-ExtraLightItalic.ttf */,
				0BA0AD102A876B9700D9822D /* Mulish-Italic.ttf */,
				0BA0AD172A876B9800D9822D /* Mulish-Light.ttf */,
				0BA0AD132A876B9700D9822D /* Mulish-LightItalic.ttf */,
				0BA0AD142A876B9700D9822D /* Mulish-Medium.ttf */,
				0BA0AD0E2A876B9700D9822D /* Mulish-MediumItalic.ttf */,
				0BA0AD192A876B9800D9822D /* Mulish-Regular.ttf */,
				0BA0AD122A876B9700D9822D /* Mulish-SemiBold.ttf */,
				0BA0AD1D2A876B9800D9822D /* Mulish-SemiBoldItalic.ttf */,
			);
			path = Mulish;
			sourceTree = "<group>";
		};
		0BAB27D72A8699BD00D394F5 = {
			isa = PBXGroup;
			children = (
				0BAB27E22A8699BD00D394F5 /* CubMu */,
				0BAB27FC2A8699BE00D394F5 /* CubMuTests */,
				0BAB28062A8699BE00D394F5 /* CubMuUITests */,
				0BAB27E12A8699BD00D394F5 /* Products */,
				E29054B8BB2D6FB4810E0AD6 /* Pods */,
				9903A5B561C98787E6638710 /* Frameworks */,
			);
			sourceTree = "<group>";
		};
		0BAB27E12A8699BD00D394F5 /* Products */ = {
			isa = PBXGroup;
			children = (
				0BAB27E02A8699BD00D394F5 /* CubMu.app */,
				0BAB27F92A8699BE00D394F5 /* CubMuTests.xctest */,
				0BAB28032A8699BE00D394F5 /* CubMuUITests.xctest */,
			);
			name = Products;
			sourceTree = "<group>";
		};
		0BAB27E22A8699BD00D394F5 /* CubMu */ = {
			isa = PBXGroup;
			children = (
				0B93BFBB2A869CF000B66D9F /* Helpers */,
				0B93BFBF2A869CF000B66D9F /* Modules */,
				0B93BFCC2A869CF000B66D9F /* Component */,
				0BA0AD0B2A876B7800D9822D /* Resource */,
				0BAB27E32A8699BD00D394F5 /* AppDelegate.swift */,
				0BAB27E52A8699BD00D394F5 /* SceneDelegate.swift */,
				0BAB27E72A8699BD00D394F5 /* ViewController.swift */,
				0BAB27E92A8699BD00D394F5 /* Main.storyboard */,
				0BAB27EF2A8699BE00D394F5 /* Assets.xcassets */,
				0BAB27F12A8699BE00D394F5 /* LaunchScreen.storyboard */,
				0BAB27F42A8699BE00D394F5 /* Info.plist */,
				0BAB27EC2A8699BD00D394F5 /* CubMu.xcdatamodeld */,
			);
			path = CubMu;
			sourceTree = "<group>";
		};
		0BAB27FC2A8699BE00D394F5 /* CubMuTests */ = {
			isa = PBXGroup;
			children = (
				0BAB27FD2A8699BE00D394F5 /* CubMuTests.swift */,
			);
			path = CubMuTests;
			sourceTree = "<group>";
		};
		0BAB28062A8699BE00D394F5 /* CubMuUITests */ = {
			isa = PBXGroup;
			children = (
				0BAB28072A8699BE00D394F5 /* CubMuUITests.swift */,
				0BAB28092A8699BE00D394F5 /* CubMuUITestsLaunchTests.swift */,
			);
			path = CubMuUITests;
			sourceTree = "<group>";
		};
		9903A5B561C98787E6638710 /* Frameworks */ = {
			isa = PBXGroup;
			children = (
				E1455BD62D92A88EB814A362 /* Pods_CubMu.framework */,
				3E2F57EAD24DE435FF9315CD /* Pods_CubMu_CubMuUITests.framework */,
				47AAC0DDDF615F63431819FF /* Pods_CubMuTests.framework */,
			);
			name = Frameworks;
			sourceTree = "<group>";
		};
		E29054B8BB2D6FB4810E0AD6 /* Pods */ = {
			isa = PBXGroup;
			children = (
				B7F62BCBD6E00C6CC425576D /* Pods-CubMu.debug.xcconfig */,
				DB1FA2933BF59297A2AADB6F /* Pods-CubMu.release.xcconfig */,
				2A26762B978B3EFB56140A54 /* Pods-CubMu-CubMuUITests.debug.xcconfig */,
				FD439E8F2BE0355E5BD507BA /* Pods-CubMu-CubMuUITests.release.xcconfig */,
				19707F90BEB210C46FD0C9D5 /* Pods-CubMuTests.debug.xcconfig */,
				C1B06FC9899C2F97994E2D17 /* Pods-CubMuTests.release.xcconfig */,
			);
			path = Pods;
			sourceTree = "<group>";
		};
/* End PBXGroup section */

/* Begin PBXNativeTarget section */
		0BAB27DF2A8699BD00D394F5 /* CubMu */ = {
			isa = PBXNativeTarget;
			buildConfigurationList = 0BAB280D2A8699BE00D394F5 /* Build configuration list for PBXNativeTarget "CubMu" */;
			buildPhases = (
				4013984109553ECC6DA4118A /* [CP] Check Pods Manifest.lock */,
				0BAB27DC2A8699BD00D394F5 /* Sources */,
				0BAB27DD2A8699BD00D394F5 /* Frameworks */,
				0BAB27DE2A8699BD00D394F5 /* Resources */,
				F8096CBD22830C8BCE14495A /* [CP] Embed Pods Frameworks */,
			);
			buildRules = (
			);
			dependencies = (
			);
			name = CubMu;
			productName = CubMu;
			productReference = 0BAB27E02A8699BD00D394F5 /* CubMu.app */;
			productType = "com.apple.product-type.application";
		};
		0BAB27F82A8699BE00D394F5 /* CubMuTests */ = {
			isa = PBXNativeTarget;
			buildConfigurationList = 0BAB28102A8699BE00D394F5 /* Build configuration list for PBXNativeTarget "CubMuTests" */;
			buildPhases = (
				C12A5F6A6FA1C5CB15F74433 /* [CP] Check Pods Manifest.lock */,
				0BAB27F52A8699BE00D394F5 /* Sources */,
				0BAB27F62A8699BE00D394F5 /* Frameworks */,
				0BAB27F72A8699BE00D394F5 /* Resources */,
			);
			buildRules = (
			);
			dependencies = (
				0BAB27FB2A8699BE00D394F5 /* PBXTargetDependency */,
			);
			name = CubMuTests;
			productName = CubMuTests;
			productReference = 0BAB27F92A8699BE00D394F5 /* CubMuTests.xctest */;
			productType = "com.apple.product-type.bundle.unit-test";
		};
		0BAB28022A8699BE00D394F5 /* CubMuUITests */ = {
			isa = PBXNativeTarget;
			buildConfigurationList = 0BAB28132A8699BE00D394F5 /* Build configuration list for PBXNativeTarget "CubMuUITests" */;
			buildPhases = (
				F402F3A02ED82855D4CCDFBC /* [CP] Check Pods Manifest.lock */,
				0BAB27FF2A8699BE00D394F5 /* Sources */,
				0BAB28002A8699BE00D394F5 /* Frameworks */,
				0BAB28012A8699BE00D394F5 /* Resources */,
				BD59E29B082763EB8A6A1DD6 /* [CP] Embed Pods Frameworks */,
			);
			buildRules = (
			);
			dependencies = (
				0BAB28052A8699BE00D394F5 /* PBXTargetDependency */,
			);
			name = CubMuUITests;
			productName = CubMuUITests;
			productReference = 0BAB28032A8699BE00D394F5 /* CubMuUITests.xctest */;
			productType = "com.apple.product-type.bundle.ui-testing";
		};
/* End PBXNativeTarget section */

/* Begin PBXProject section */
		0BAB27D82A8699BD00D394F5 /* Project object */ = {
			isa = PBXProject;
			attributes = {
				BuildIndependentTargetsInParallel = 1;
				LastSwiftUpdateCheck = 1420;
				LastUpgradeCheck = 1420;
				TargetAttributes = {
					0BAB27DF2A8699BD00D394F5 = {
						CreatedOnToolsVersion = 14.2;
					};
					0BAB27F82A8699BE00D394F5 = {
						CreatedOnToolsVersion = 14.2;
						TestTargetID = 0BAB27DF2A8699BD00D394F5;
					};
					0BAB28022A8699BE00D394F5 = {
						CreatedOnToolsVersion = 14.2;
						TestTargetID = 0BAB27DF2A8699BD00D394F5;
					};
				};
			};
			buildConfigurationList = 0BAB27DB2A8699BD00D394F5 /* Build configuration list for PBXProject "CubMu" */;
			compatibilityVersion = "Xcode 14.0";
			developmentRegion = en;
			hasScannedForEncodings = 0;
			knownRegions = (
				en,
				Base,
			);
			mainGroup = 0BAB27D72A8699BD00D394F5;
			productRefGroup = 0BAB27E12A8699BD00D394F5 /* Products */;
			projectDirPath = "";
			projectRoot = "";
			targets = (
				0BAB27DF2A8699BD00D394F5 /* CubMu */,
				0BAB27F82A8699BE00D394F5 /* CubMuTests */,
				0BAB28022A8699BE00D394F5 /* CubMuUITests */,
			);
		};
/* End PBXProject section */

/* Begin PBXResourcesBuildPhase section */
		0BAB27DE2A8699BD00D394F5 /* Resources */ = {
			isa = PBXResourcesBuildPhase;
			buildActionMask = 2147483647;
			files = (
				0BA0AD202A876B9800D9822D /* Mulish-Italic.ttf in Resources */,
				0BAB27F32A8699BE00D394F5 /* LaunchScreen.storyboard in Resources */,
				0BA0AD222A876B9800D9822D /* Mulish-SemiBold.ttf in Resources */,
				0BA0AD2B2A876B9800D9822D /* Mulish-Bold.ttf in Resources */,
				0BA0AD272A876B9800D9822D /* Mulish-Light.ttf in Resources */,
				0BA0AD2D2A876B9800D9822D /* Mulish-SemiBoldItalic.ttf in Resources */,
				0BA0AD232A876B9800D9822D /* Mulish-LightItalic.ttf in Resources */,
				0BA0AD212A876B9800D9822D /* Mulish-ExtraLight.ttf in Resources */,
				0BA0AD1E2A876B9800D9822D /* Mulish-MediumItalic.ttf in Resources */,
				0BA0AD252A876B9800D9822D /* Mulish-ExtraBold.ttf in Resources */,
				0B93BFDB2A869CF000B66D9F /* HeaderView.xib in Resources */,
				0BAB27F02A8699BE00D394F5 /* Assets.xcassets in Resources */,
				0B93BFD82A869CF000B66D9F /* HomePageView.xib in Resources */,
				0BA0AD092A876A2300D9822D /* CategoryView.xib in Resources */,
				0BA0AD2C2A876B9800D9822D /* Mulish-ExtraLightItalic.ttf in Resources */,
				0BAB27EB2A8699BD00D394F5 /* Main.storyboard in Resources */,
				0BA0AD242A876B9800D9822D /* Mulish-Medium.ttf in Resources */,
				0BA0AD2A2A876B9800D9822D /* Mulish-Black.ttf in Resources */,
				0BA0AD1F2A876B9800D9822D /* Mulish-BoldItalic.ttf in Resources */,
				0BA0AD292A876B9800D9822D /* Mulish-Regular.ttf in Resources */,
				0BA0AD262A876B9800D9822D /* Mulish-ExtraBoldItalic.ttf in Resources */,
				0BA0AD282A876B9800D9822D /* Mulish-BlackItalic.ttf in Resources */,
			);
			runOnlyForDeploymentPostprocessing = 0;
		};
		0BAB27F72A8699BE00D394F5 /* Resources */ = {
			isa = PBXResourcesBuildPhase;
			buildActionMask = 2147483647;
			files = (
			);
			runOnlyForDeploymentPostprocessing = 0;
		};
		0BAB28012A8699BE00D394F5 /* Resources */ = {
			isa = PBXResourcesBuildPhase;
			buildActionMask = 2147483647;
			files = (
			);
			runOnlyForDeploymentPostprocessing = 0;
		};
/* End PBXResourcesBuildPhase section */

/* Begin PBXShellScriptBuildPhase section */
		4013984109553ECC6DA4118A /* [CP] Check Pods Manifest.lock */ = {
			isa = PBXShellScriptBuildPhase;
			buildActionMask = 2147483647;
			files = (
			);
			inputFileListPaths = (
			);
			inputPaths = (
				"${PODS_PODFILE_DIR_PATH}/Podfile.lock",
				"${PODS_ROOT}/Manifest.lock",
			);
			name = "[CP] Check Pods Manifest.lock";
			outputFileListPaths = (
			);
			outputPaths = (
				"$(DERIVED_FILE_DIR)/Pods-CubMu-checkManifestLockResult.txt",
			);
			runOnlyForDeploymentPostprocessing = 0;
			shellPath = /bin/sh;
			shellScript = "diff \"${PODS_PODFILE_DIR_PATH}/Podfile.lock\" \"${PODS_ROOT}/Manifest.lock\" > /dev/null\nif [ $? != 0 ] ; then\n    # print error to STDERR\n    echo \"error: The sandbox is not in sync with the Podfile.lock. Run 'pod install' or update your CocoaPods installation.\" >&2\n    exit 1\nfi\n# This output is used by Xcode 'outputs' to avoid re-running this script phase.\necho \"SUCCESS\" > \"${SCRIPT_OUTPUT_FILE_0}\"\n";
			showEnvVarsInLog = 0;
		};
		BD59E29B082763EB8A6A1DD6 /* [CP] Embed Pods Frameworks */ = {
			isa = PBXShellScriptBuildPhase;
			buildActionMask = 2147483647;
			files = (
			);
			inputFileListPaths = (
				"${PODS_ROOT}/Target Support Files/Pods-CubMu-CubMuUITests/Pods-CubMu-CubMuUITests-frameworks-${CONFIGURATION}-input-files.xcfilelist",
			);
			name = "[CP] Embed Pods Frameworks";
			outputFileListPaths = (
				"${PODS_ROOT}/Target Support Files/Pods-CubMu-CubMuUITests/Pods-CubMu-CubMuUITests-frameworks-${CONFIGURATION}-output-files.xcfilelist",
			);
			runOnlyForDeploymentPostprocessing = 0;
			shellPath = /bin/sh;
			shellScript = "\"${PODS_ROOT}/Target Support Files/Pods-CubMu-CubMuUITests/Pods-CubMu-CubMuUITests-frameworks.sh\"\n";
			showEnvVarsInLog = 0;
		};
		C12A5F6A6FA1C5CB15F74433 /* [CP] Check Pods Manifest.lock */ = {
			isa = PBXShellScriptBuildPhase;
			buildActionMask = 2147483647;
			files = (
			);
			inputFileListPaths = (
			);
			inputPaths = (
				"${PODS_PODFILE_DIR_PATH}/Podfile.lock",
				"${PODS_ROOT}/Manifest.lock",
			);
			name = "[CP] Check Pods Manifest.lock";
			outputFileListPaths = (
			);
			outputPaths = (
				"$(DERIVED_FILE_DIR)/Pods-CubMuTests-checkManifestLockResult.txt",
			);
			runOnlyForDeploymentPostprocessing = 0;
			shellPath = /bin/sh;
			shellScript = "diff \"${PODS_PODFILE_DIR_PATH}/Podfile.lock\" \"${PODS_ROOT}/Manifest.lock\" > /dev/null\nif [ $? != 0 ] ; then\n    # print error to STDERR\n    echo \"error: The sandbox is not in sync with the Podfile.lock. Run 'pod install' or update your CocoaPods installation.\" >&2\n    exit 1\nfi\n# This output is used by Xcode 'outputs' to avoid re-running this script phase.\necho \"SUCCESS\" > \"${SCRIPT_OUTPUT_FILE_0}\"\n";
			showEnvVarsInLog = 0;
		};
		F402F3A02ED82855D4CCDFBC /* [CP] Check Pods Manifest.lock */ = {
			isa = PBXShellScriptBuildPhase;
			buildActionMask = 2147483647;
			files = (
			);
			inputFileListPaths = (
			);
			inputPaths = (
				"${PODS_PODFILE_DIR_PATH}/Podfile.lock",
				"${PODS_ROOT}/Manifest.lock",
			);
			name = "[CP] Check Pods Manifest.lock";
			outputFileListPaths = (
			);
			outputPaths = (
				"$(DERIVED_FILE_DIR)/Pods-CubMu-CubMuUITests-checkManifestLockResult.txt",
			);
			runOnlyForDeploymentPostprocessing = 0;
			shellPath = /bin/sh;
			shellScript = "diff \"${PODS_PODFILE_DIR_PATH}/Podfile.lock\" \"${PODS_ROOT}/Manifest.lock\" > /dev/null\nif [ $? != 0 ] ; then\n    # print error to STDERR\n    echo \"error: The sandbox is not in sync with the Podfile.lock. Run 'pod install' or update your CocoaPods installation.\" >&2\n    exit 1\nfi\n# This output is used by Xcode 'outputs' to avoid re-running this script phase.\necho \"SUCCESS\" > \"${SCRIPT_OUTPUT_FILE_0}\"\n";
			showEnvVarsInLog = 0;
		};
		F8096CBD22830C8BCE14495A /* [CP] Embed Pods Frameworks */ = {
			isa = PBXShellScriptBuildPhase;
			buildActionMask = 2147483647;
			files = (
			);
			inputFileListPaths = (
				"${PODS_ROOT}/Target Support Files/Pods-CubMu/Pods-CubMu-frameworks-${CONFIGURATION}-input-files.xcfilelist",
			);
			name = "[CP] Embed Pods Frameworks";
			outputFileListPaths = (
				"${PODS_ROOT}/Target Support Files/Pods-CubMu/Pods-CubMu-frameworks-${CONFIGURATION}-output-files.xcfilelist",
			);
			runOnlyForDeploymentPostprocessing = 0;
			shellPath = /bin/sh;
			shellScript = "\"${PODS_ROOT}/Target Support Files/Pods-CubMu/Pods-CubMu-frameworks.sh\"\n";
			showEnvVarsInLog = 0;
		};
/* End PBXShellScriptBuildPhase section */

/* Begin PBXSourcesBuildPhase section */
		0BAB27DC2A8699BD00D394F5 /* Sources */ = {
			isa = PBXSourcesBuildPhase;
			buildActionMask = 2147483647;
			files = (
				0BAB27E82A8699BD00D394F5 /* ViewController.swift in Sources */,
				0B93BFD92A869CF000B66D9F /* HomePageService.swift in Sources */,
				0B93BFD42A869CF000B66D9F /* Reach.swift in Sources */,
				0BAB27E42A8699BD00D394F5 /* AppDelegate.swift in Sources */,
				0B0521EF2A86AFCB005844C1 /* UIView+Ext.swift in Sources */,
				0B0521EA2A86A6BD005844C1 /* Color+Ext.swift in Sources */,
				0BAB27EE2A8699BD00D394F5 /* CubMu.xcdatamodeld in Sources */,
				0B93BFD32A869CF000B66D9F /* BaseNavigationController.swift in Sources */,
				0B93BFD62A869CF000B66D9F /* HomePageModel.swift in Sources */,
				0B93BFDD2A869CF000B66D9F /* HeaderView.swift in Sources */,
				0BAB27E62A8699BD00D394F5 /* SceneDelegate.swift in Sources */,
				0B93BFD72A869CF000B66D9F /* HomePageView.swift in Sources */,
				0B93BFD52A869CF000B66D9F /* HomePageServiceProtocol.swift in Sources */,
				0B93BFDA2A869CF000B66D9F /* HomePageViewModel.swift in Sources */,
				0BA0AD082A876A2300D9822D /* CategoryView.swift in Sources */,
			);
			runOnlyForDeploymentPostprocessing = 0;
		};
		0BAB27F52A8699BE00D394F5 /* Sources */ = {
			isa = PBXSourcesBuildPhase;
			buildActionMask = 2147483647;
			files = (
				0BAB27FE2A8699BE00D394F5 /* CubMuTests.swift in Sources */,
			);
			runOnlyForDeploymentPostprocessing = 0;
		};
		0BAB27FF2A8699BE00D394F5 /* Sources */ = {
			isa = PBXSourcesBuildPhase;
			buildActionMask = 2147483647;
			files = (
				0BAB28082A8699BE00D394F5 /* CubMuUITests.swift in Sources */,
				0BAB280A2A8699BE00D394F5 /* CubMuUITestsLaunchTests.swift in Sources */,
			);
			runOnlyForDeploymentPostprocessing = 0;
		};
/* End PBXSourcesBuildPhase section */

/* Begin PBXTargetDependency section */
		0BAB27FB2A8699BE00D394F5 /* PBXTargetDependency */ = {
			isa = PBXTargetDependency;
			target = 0BAB27DF2A8699BD00D394F5 /* CubMu */;
			targetProxy = 0BAB27FA2A8699BE00D394F5 /* PBXContainerItemProxy */;
		};
		0BAB28052A8699BE00D394F5 /* PBXTargetDependency */ = {
			isa = PBXTargetDependency;
			target = 0BAB27DF2A8699BD00D394F5 /* CubMu */;
			targetProxy = 0BAB28042A8699BE00D394F5 /* PBXContainerItemProxy */;
		};
/* End PBXTargetDependency section */

/* Begin PBXVariantGroup section */
		0BAB27E92A8699BD00D394F5 /* Main.storyboard */ = {
			isa = PBXVariantGroup;
			children = (
				0BAB27EA2A8699BD00D394F5 /* Base */,
			);
			name = Main.storyboard;
			sourceTree = "<group>";
		};
		0BAB27F12A8699BE00D394F5 /* LaunchScreen.storyboard */ = {
			isa = PBXVariantGroup;
			children = (
				0BAB27F22A8699BE00D394F5 /* Base */,
			);
			name = LaunchScreen.storyboard;
			sourceTree = "<group>";
		};
/* End PBXVariantGroup section */

/* Begin XCBuildConfiguration section */
		0BAB280B2A8699BE00D394F5 /* Debug */ = {
			isa = XCBuildConfiguration;
			buildSettings = {
				ALWAYS_SEARCH_USER_PATHS = NO;
				CLANG_ANALYZER_NONNULL = YES;
				CLANG_ANALYZER_NUMBER_OBJECT_CONVERSION = YES_AGGRESSIVE;
				CLANG_CXX_LANGUAGE_STANDARD = "gnu++20";
				CLANG_ENABLE_MODULES = YES;
				CLANG_ENABLE_OBJC_ARC = YES;
				CLANG_ENABLE_OBJC_WEAK = YES;
				CLANG_WARN_BLOCK_CAPTURE_AUTORELEASING = YES;
				CLANG_WARN_BOOL_CONVERSION = YES;
				CLANG_WARN_COMMA = YES;
				CLANG_WARN_CONSTANT_CONVERSION = YES;
				CLANG_WARN_DEPRECATED_OBJC_IMPLEMENTATIONS = YES;
				CLANG_WARN_DIRECT_OBJC_ISA_USAGE = YES_ERROR;
				CLANG_WARN_DOCUMENTATION_COMMENTS = YES;
				CLANG_WARN_EMPTY_BODY = YES;
				CLANG_WARN_ENUM_CONVERSION = YES;
				CLANG_WARN_INFINITE_RECURSION = YES;
				CLANG_WARN_INT_CONVERSION = YES;
				CLANG_WARN_NON_LITERAL_NULL_CONVERSION = YES;
				CLANG_WARN_OBJC_IMPLICIT_RETAIN_SELF = YES;
				CLANG_WARN_OBJC_LITERAL_CONVERSION = YES;
				CLANG_WARN_OBJC_ROOT_CLASS = YES_ERROR;
				CLANG_WARN_QUOTED_INCLUDE_IN_FRAMEWORK_HEADER = YES;
				CLANG_WARN_RANGE_LOOP_ANALYSIS = YES;
				CLANG_WARN_STRICT_PROTOTYPES = YES;
				CLANG_WARN_SUSPICIOUS_MOVE = YES;
				CLANG_WARN_UNGUARDED_AVAILABILITY = YES_AGGRESSIVE;
				CLANG_WARN_UNREACHABLE_CODE = YES;
				CLANG_WARN__DUPLICATE_METHOD_MATCH = YES;
				COPY_PHASE_STRIP = NO;
				DEBUG_INFORMATION_FORMAT = dwarf;
				ENABLE_STRICT_OBJC_MSGSEND = YES;
				ENABLE_TESTABILITY = YES;
				GCC_C_LANGUAGE_STANDARD = gnu11;
				GCC_DYNAMIC_NO_PIC = NO;
				GCC_NO_COMMON_BLOCKS = YES;
				GCC_OPTIMIZATION_LEVEL = 0;
				GCC_PREPROCESSOR_DEFINITIONS = (
					"DEBUG=1",
					"$(inherited)",
				);
				GCC_WARN_64_TO_32_BIT_CONVERSION = YES;
				GCC_WARN_ABOUT_RETURN_TYPE = YES_ERROR;
				GCC_WARN_UNDECLARED_SELECTOR = YES;
				GCC_WARN_UNINITIALIZED_AUTOS = YES_AGGRESSIVE;
				GCC_WARN_UNUSED_FUNCTION = YES;
				GCC_WARN_UNUSED_VARIABLE = YES;
				IPHONEOS_DEPLOYMENT_TARGET = 16.2;
				MTL_ENABLE_DEBUG_INFO = INCLUDE_SOURCE;
				MTL_FAST_MATH = YES;
				ONLY_ACTIVE_ARCH = YES;
				SDKROOT = iphoneos;
				SWIFT_ACTIVE_COMPILATION_CONDITIONS = DEBUG;
				SWIFT_OPTIMIZATION_LEVEL = "-Onone";
			};
			name = Debug;
		};
		0BAB280C2A8699BE00D394F5 /* Release */ = {
			isa = XCBuildConfiguration;
			buildSettings = {
				ALWAYS_SEARCH_USER_PATHS = NO;
				CLANG_ANALYZER_NONNULL = YES;
				CLANG_ANALYZER_NUMBER_OBJECT_CONVERSION = YES_AGGRESSIVE;
				CLANG_CXX_LANGUAGE_STANDARD = "gnu++20";
				CLANG_ENABLE_MODULES = YES;
				CLANG_ENABLE_OBJC_ARC = YES;
				CLANG_ENABLE_OBJC_WEAK = YES;
				CLANG_WARN_BLOCK_CAPTURE_AUTORELEASING = YES;
				CLANG_WARN_BOOL_CONVERSION = YES;
				CLANG_WARN_COMMA = YES;
				CLANG_WARN_CONSTANT_CONVERSION = YES;
				CLANG_WARN_DEPRECATED_OBJC_IMPLEMENTATIONS = YES;
				CLANG_WARN_DIRECT_OBJC_ISA_USAGE = YES_ERROR;
				CLANG_WARN_DOCUMENTATION_COMMENTS = YES;
				CLANG_WARN_EMPTY_BODY = YES;
				CLANG_WARN_ENUM_CONVERSION = YES;
				CLANG_WARN_INFINITE_RECURSION = YES;
				CLANG_WARN_INT_CONVERSION = YES;
				CLANG_WARN_NON_LITERAL_NULL_CONVERSION = YES;
				CLANG_WARN_OBJC_IMPLICIT_RETAIN_SELF = YES;
				CLANG_WARN_OBJC_LITERAL_CONVERSION = YES;
				CLANG_WARN_OBJC_ROOT_CLASS = YES_ERROR;
				CLANG_WARN_QUOTED_INCLUDE_IN_FRAMEWORK_HEADER = YES;
				CLANG_WARN_RANGE_LOOP_ANALYSIS = YES;
				CLANG_WARN_STRICT_PROTOTYPES = YES;
				CLANG_WARN_SUSPICIOUS_MOVE = YES;
				CLANG_WARN_UNGUARDED_AVAILABILITY = YES_AGGRESSIVE;
				CLANG_WARN_UNREACHABLE_CODE = YES;
				CLANG_WARN__DUPLICATE_METHOD_MATCH = YES;
				COPY_PHASE_STRIP = NO;
				DEBUG_INFORMATION_FORMAT = "dwarf-with-dsym";
				ENABLE_NS_ASSERTIONS = NO;
				ENABLE_STRICT_OBJC_MSGSEND = YES;
				GCC_C_LANGUAGE_STANDARD = gnu11;
				GCC_NO_COMMON_BLOCKS = YES;
				GCC_WARN_64_TO_32_BIT_CONVERSION = YES;
				GCC_WARN_ABOUT_RETURN_TYPE = YES_ERROR;
				GCC_WARN_UNDECLARED_SELECTOR = YES;
				GCC_WARN_UNINITIALIZED_AUTOS = YES_AGGRESSIVE;
				GCC_WARN_UNUSED_FUNCTION = YES;
				GCC_WARN_UNUSED_VARIABLE = YES;
				IPHONEOS_DEPLOYMENT_TARGET = 16.2;
				MTL_ENABLE_DEBUG_INFO = NO;
				MTL_FAST_MATH = YES;
				SDKROOT = iphoneos;
				SWIFT_COMPILATION_MODE = wholemodule;
				SWIFT_OPTIMIZATION_LEVEL = "-O";
				VALIDATE_PRODUCT = YES;
			};
			name = Release;
		};
		0BAB280E2A8699BE00D394F5 /* Debug */ = {
			isa = XCBuildConfiguration;
			baseConfigurationReference = B7F62BCBD6E00C6CC425576D /* Pods-CubMu.debug.xcconfig */;
			buildSettings = {
				ASSETCATALOG_COMPILER_APPICON_NAME = AppIcon;
				ASSETCATALOG_COMPILER_GLOBAL_ACCENT_COLOR_NAME = AccentColor;
				CODE_SIGN_STYLE = Automatic;
				CURRENT_PROJECT_VERSION = 1;
				DEVELOPMENT_TEAM = 2LU5YZ7R3G;
				GENERATE_INFOPLIST_FILE = YES;
				INFOPLIST_FILE = CubMu/Info.plist;
				INFOPLIST_KEY_UIApplicationSupportsIndirectInputEvents = YES;
				INFOPLIST_KEY_UILaunchStoryboardName = LaunchScreen;
				INFOPLIST_KEY_UIMainStoryboardFile = Main;
				INFOPLIST_KEY_UISupportedInterfaceOrientations = UIInterfaceOrientationPortrait;
				INFOPLIST_KEY_UISupportedInterfaceOrientations_iPad = "UIInterfaceOrientationLandscapeLeft UIInterfaceOrientationLandscapeRight UIInterfaceOrientationPortrait UIInterfaceOrientationPortraitUpsideDown";
				IPHONEOS_DEPLOYMENT_TARGET = 14.0;
				LD_RUNPATH_SEARCH_PATHS = (
					"$(inherited)",
					"@executable_path/Frameworks",
				);
				MARKETING_VERSION = 1.0;
				PRODUCT_BUNDLE_IDENTIFIER = com.stefanjivalino.CubMu;
				PRODUCT_NAME = "$(TARGET_NAME)";
				SUPPORTED_PLATFORMS = "iphoneos iphonesimulator";
				SUPPORTS_MACCATALYST = NO;
				SUPPORTS_MAC_DESIGNED_FOR_IPHONE_IPAD = NO;
				SWIFT_EMIT_LOC_STRINGS = YES;
				SWIFT_VERSION = 5.0;
				TARGETED_DEVICE_FAMILY = 1;
			};
			name = Debug;
		};
		0BAB280F2A8699BE00D394F5 /* Release */ = {
			isa = XCBuildConfiguration;
			baseConfigurationReference = DB1FA2933BF59297A2AADB6F /* Pods-CubMu.release.xcconfig */;
			buildSettings = {
				ASSETCATALOG_COMPILER_APPICON_NAME = AppIcon;
				ASSETCATALOG_COMPILER_GLOBAL_ACCENT_COLOR_NAME = AccentColor;
				CODE_SIGN_STYLE = Automatic;
				CURRENT_PROJECT_VERSION = 1;
				DEVELOPMENT_TEAM = 2LU5YZ7R3G;
				GENERATE_INFOPLIST_FILE = YES;
				INFOPLIST_FILE = CubMu/Info.plist;
				INFOPLIST_KEY_UIApplicationSupportsIndirectInputEvents = YES;
				INFOPLIST_KEY_UILaunchStoryboardName = LaunchScreen;
				INFOPLIST_KEY_UIMainStoryboardFile = Main;
				INFOPLIST_KEY_UISupportedInterfaceOrientations = UIInterfaceOrientationPortrait;
				INFOPLIST_KEY_UISupportedInterfaceOrientations_iPad = "UIInterfaceOrientationLandscapeLeft UIInterfaceOrientationLandscapeRight UIInterfaceOrientationPortrait UIInterfaceOrientationPortraitUpsideDown";
				IPHONEOS_DEPLOYMENT_TARGET = 14.0;
				LD_RUNPATH_SEARCH_PATHS = (
					"$(inherited)",
					"@executable_path/Frameworks",
				);
				MARKETING_VERSION = 1.0;
				PRODUCT_BUNDLE_IDENTIFIER = com.stefanjivalino.CubMu;
				PRODUCT_NAME = "$(TARGET_NAME)";
				SUPPORTED_PLATFORMS = "iphoneos iphonesimulator";
				SUPPORTS_MACCATALYST = NO;
				SUPPORTS_MAC_DESIGNED_FOR_IPHONE_IPAD = NO;
				SWIFT_EMIT_LOC_STRINGS = YES;
				SWIFT_VERSION = 5.0;
				TARGETED_DEVICE_FAMILY = 1;
			};
			name = Release;
		};
		0BAB28112A8699BE00D394F5 /* Debug */ = {
			isa = XCBuildConfiguration;
			baseConfigurationReference = 19707F90BEB210C46FD0C9D5 /* Pods-CubMuTests.debug.xcconfig */;
			buildSettings = {
				ALWAYS_EMBED_SWIFT_STANDARD_LIBRARIES = YES;
				BUNDLE_LOADER = "$(TEST_HOST)";
				CODE_SIGN_STYLE = Automatic;
				CURRENT_PROJECT_VERSION = 1;
				DEVELOPMENT_TEAM = 2LU5YZ7R3G;
				GENERATE_INFOPLIST_FILE = YES;
				IPHONEOS_DEPLOYMENT_TARGET = 16.2;
				MARKETING_VERSION = 1.0;
				PRODUCT_BUNDLE_IDENTIFIER = com.stefanjivalino.CubMuTests;
				PRODUCT_NAME = "$(TARGET_NAME)";
				SWIFT_EMIT_LOC_STRINGS = NO;
				SWIFT_VERSION = 5.0;
				TARGETED_DEVICE_FAMILY = "1,2";
				TEST_HOST = "$(BUILT_PRODUCTS_DIR)/CubMu.app/$(BUNDLE_EXECUTABLE_FOLDER_PATH)/CubMu";
			};
			name = Debug;
		};
		0BAB28122A8699BE00D394F5 /* Release */ = {
			isa = XCBuildConfiguration;
			baseConfigurationReference = C1B06FC9899C2F97994E2D17 /* Pods-CubMuTests.release.xcconfig */;
			buildSettings = {
				ALWAYS_EMBED_SWIFT_STANDARD_LIBRARIES = YES;
				BUNDLE_LOADER = "$(TEST_HOST)";
				CODE_SIGN_STYLE = Automatic;
				CURRENT_PROJECT_VERSION = 1;
				DEVELOPMENT_TEAM = 2LU5YZ7R3G;
				GENERATE_INFOPLIST_FILE = YES;
				IPHONEOS_DEPLOYMENT_TARGET = 16.2;
				MARKETING_VERSION = 1.0;
				PRODUCT_BUNDLE_IDENTIFIER = com.stefanjivalino.CubMuTests;
				PRODUCT_NAME = "$(TARGET_NAME)";
				SWIFT_EMIT_LOC_STRINGS = NO;
				SWIFT_VERSION = 5.0;
				TARGETED_DEVICE_FAMILY = "1,2";
				TEST_HOST = "$(BUILT_PRODUCTS_DIR)/CubMu.app/$(BUNDLE_EXECUTABLE_FOLDER_PATH)/CubMu";
			};
			name = Release;
		};
		0BAB28142A8699BE00D394F5 /* Debug */ = {
			isa = XCBuildConfiguration;
			baseConfigurationReference = 2A26762B978B3EFB56140A54 /* Pods-CubMu-CubMuUITests.debug.xcconfig */;
			buildSettings = {
				ALWAYS_EMBED_SWIFT_STANDARD_LIBRARIES = YES;
				CODE_SIGN_STYLE = Automatic;
				CURRENT_PROJECT_VERSION = 1;
				DEVELOPMENT_TEAM = 2LU5YZ7R3G;
				GENERATE_INFOPLIST_FILE = YES;
				MARKETING_VERSION = 1.0;
				PRODUCT_BUNDLE_IDENTIFIER = com.stefanjivalino.CubMuUITests;
				PRODUCT_NAME = "$(TARGET_NAME)";
				SWIFT_EMIT_LOC_STRINGS = NO;
				SWIFT_VERSION = 5.0;
				TARGETED_DEVICE_FAMILY = "1,2";
				TEST_TARGET_NAME = CubMu;
			};
			name = Debug;
		};
		0BAB28152A8699BE00D394F5 /* Release */ = {
			isa = XCBuildConfiguration;
			baseConfigurationReference = FD439E8F2BE0355E5BD507BA /* Pods-CubMu-CubMuUITests.release.xcconfig */;
			buildSettings = {
				ALWAYS_EMBED_SWIFT_STANDARD_LIBRARIES = YES;
				CODE_SIGN_STYLE = Automatic;
				CURRENT_PROJECT_VERSION = 1;
				DEVELOPMENT_TEAM = 2LU5YZ7R3G;
				GENERATE_INFOPLIST_FILE = YES;
				MARKETING_VERSION = 1.0;
				PRODUCT_BUNDLE_IDENTIFIER = com.stefanjivalino.CubMuUITests;
				PRODUCT_NAME = "$(TARGET_NAME)";
				SWIFT_EMIT_LOC_STRINGS = NO;
				SWIFT_VERSION = 5.0;
				TARGETED_DEVICE_FAMILY = "1,2";
				TEST_TARGET_NAME = CubMu;
			};
			name = Release;
		};
/* End XCBuildConfiguration section */

/* Begin XCConfigurationList section */
		0BAB27DB2A8699BD00D394F5 /* Build configuration list for PBXProject "CubMu" */ = {
			isa = XCConfigurationList;
			buildConfigurations = (
				0BAB280B2A8699BE00D394F5 /* Debug */,
				0BAB280C2A8699BE00D394F5 /* Release */,
			);
			defaultConfigurationIsVisible = 0;
			defaultConfigurationName = Release;
		};
		0BAB280D2A8699BE00D394F5 /* Build configuration list for PBXNativeTarget "CubMu" */ = {
			isa = XCConfigurationList;
			buildConfigurations = (
				0BAB280E2A8699BE00D394F5 /* Debug */,
				0BAB280F2A8699BE00D394F5 /* Release */,
			);
			defaultConfigurationIsVisible = 0;
			defaultConfigurationName = Release;
		};
		0BAB28102A8699BE00D394F5 /* Build configuration list for PBXNativeTarget "CubMuTests" */ = {
			isa = XCConfigurationList;
			buildConfigurations = (
				0BAB28112A8699BE00D394F5 /* Debug */,
				0BAB28122A8699BE00D394F5 /* Release */,
			);
			defaultConfigurationIsVisible = 0;
			defaultConfigurationName = Release;
		};
		0BAB28132A8699BE00D394F5 /* Build configuration list for PBXNativeTarget "CubMuUITests" */ = {
			isa = XCConfigurationList;
			buildConfigurations = (
				0BAB28142A8699BE00D394F5 /* Debug */,
				0BAB28152A8699BE00D394F5 /* Release */,
			);
			defaultConfigurationIsVisible = 0;
			defaultConfigurationName = Release;
		};
/* End XCConfigurationList section */

/* Begin XCVersionGroup section */
		0BAB27EC2A8699BD00D394F5 /* CubMu.xcdatamodeld */ = {
			isa = XCVersionGroup;
			children = (
				0BAB27ED2A8699BD00D394F5 /* CubMu.xcdatamodel */,
			);
			currentVersion = 0BAB27ED2A8699BD00D394F5 /* CubMu.xcdatamodel */;
			path = CubMu.xcdatamodeld;
			sourceTree = "<group>";
			versionGroupType = wrapper.xcdatamodel;
		};
/* End XCVersionGroup section */
	};
	rootObject = 0BAB27D82A8699BD00D394F5 /* Project object */;
}
